# This file is automatically @generated by Cargo.
# It is not intended for manual editing.
version = 4

[[package]]
name = "prog_basica_aula2"
version = "0.1.0"
dependencies = [
 "teste",
]

[[package]]
name = "teste"
version = "0.1.1"
source = "registry+https://github.com/rust-lang/crates.io-index"
checksum = "8dbc7ae024b2fbc73bd5c94fb5b7019a63351bee41a795b4381f8897590e7b97"
